
Microsoft Visual Studio Solution File, Format Version 12.00
# Visual Studio 14
VisualStudioVersion = 14.0.25420.1
MinimumVisualStudioVersion = 10.0.40219.1
Project("{FAE04EC0-301F-11D3-BF4B-00C04F79EFBC}") = "Ex10", "Ex10\Ex10.csproj", "{A2813A6C-831C-42EC-9219-7F185CB6CE14}"
EndProject
Global
	GlobalSection(SolutionConfigurationPlatforms) = preSolution
		Debug|Any CPU = Debug|Any CPU
		Release|Any CPU = Release|Any CPU
	EndGlobalSection
	GlobalSection(ProjectConfigurationPlatforms) = postSolution
		{A2813A6C-831C-42EC-9219-7F185CB6CE14}.Debug|Any CPU.ActiveCfg = Debug|Any CPU
		{A2813A6C-831C-42EC-9219-7F185CB6CE14}.Debug|Any CPU.Build.0 = Debug|Any CPU
		{A2813A6C-831C-42EC-9219-7F185CB6CE14}.Release|Any CPU.ActiveCfg = Release|Any CPU
		{A2813A6C-831C-42EC-9219-7F185CB6CE14}.Release|Any CPU.Build.0 = Release|Any CPU
	EndGlobalSection
	GlobalSection(SolutionProperties) = preSolution
		HideSolutionNode = FALSE
	EndGlobalSection
EndGlobal
